
Microsoft Visual Studio Solution File, Format Version 12.00
# Visual Studio Version 17
VisualStudioVersion = 17.3.32922.545
MinimumVisualStudioVersion = 10.0.40219.1
Project("{9A19103F-16F7-4668-BE54-9A1E7A4F7556}") = "oms", "oms\oms.csproj", "{A081F4A4-6031-480D-8547-46BE9CF5C766}"
EndProject
Global
	GlobalSection(SolutionConfigurationPlatforms) = preSolution
		Debug|Any CPU = Debug|Any CPU
		Debug|x64 = Debug|x64
		Release|Any CPU = Release|Any CPU
		Release|x64 = Release|x64
	EndGlobalSection
	GlobalSection(ProjectConfigurationPlatforms) = postSolution
		{A081F4A4-6031-480D-8547-46BE9CF5C766}.Debug|Any CPU.ActiveCfg = Debug|Any CPU
		{A081F4A4-6031-480D-8547-46BE9CF5C766}.Debug|Any CPU.Build.0 = Debug|Any CPU
		{A081F4A4-6031-480D-8547-46BE9CF5C766}.Debug|x64.ActiveCfg = Debug|x64
		{A081F4A4-6031-480D-8547-46BE9CF5C766}.Debug|x64.Build.0 = Debug|x64
		{A081F4A4-6031-480D-8547-46BE9CF5C766}.Release|Any CPU.ActiveCfg = Release|Any CPU
		{A081F4A4-6031-480D-8547-46BE9CF5C766}.Release|Any CPU.Build.0 = Release|Any CPU
		{A081F4A4-6031-480D-8547-46BE9CF5C766}.Release|x64.ActiveCfg = Release|x64
		{A081F4A4-6031-480D-8547-46BE9CF5C766}.Release|x64.Build.0 = Release|x64
	EndGlobalSection
	GlobalSection(SolutionProperties) = preSolution
		HideSolutionNode = FALSE
	EndGlobalSection
	GlobalSection(ExtensibilityGlobals) = postSolution
		SolutionGuid = {E15F0BFF-FBCA-428D-BC7A-0766BD9B3CE6}
	EndGlobalSection
EndGlobal
